// !$*UTF8*$!
{
	archiveVersion = 1;
	classes = {
	};
	objectVersion = 48;
	objects = {

/* Begin PBXBuildFile section */
		1304B0102083266A0073BDC0 /* UIAccessibilityIdentification+AccessibilityId.swift in Sources */ = {isa = PBXBuildFile; fileRef = 1304B00F2083266A0073BDC0 /* UIAccessibilityIdentification+AccessibilityId.swift */; };
		1304B014208327620073BDC0 /* UIAccessibilityIdentification+AccessibilityId.swift in Sources */ = {isa = PBXBuildFile; fileRef = 1304B00F2083266A0073BDC0 /* UIAccessibilityIdentification+AccessibilityId.swift */; };
		130B0D5C205D072C00552576 /* AppDelegate.swift in Sources */ = {isa = PBXBuildFile; fileRef = 130B0D5B205D072C00552576 /* AppDelegate.swift */; };
		130B0D5E205D072C00552576 /* ViewController.swift in Sources */ = {isa = PBXBuildFile; fileRef = 130B0D5D205D072C00552576 /* ViewController.swift */; };
		130B0D61205D072C00552576 /* Main.storyboard in Resources */ = {isa = PBXBuildFile; fileRef = 130B0D5F205D072C00552576 /* Main.storyboard */; };
		130B0D63205D072C00552576 /* Assets.xcassets in Resources */ = {isa = PBXBuildFile; fileRef = 130B0D62205D072C00552576 /* Assets.xcassets */; };
		130B0D66205D072C00552576 /* LaunchScreen.storyboard in Resources */ = {isa = PBXBuildFile; fileRef = 130B0D64205D072C00552576 /* LaunchScreen.storyboard */; };
		130B0D74205D166800552576 /* iloiloTests.swift in Sources */ = {isa = PBXBuildFile; fileRef = 130B0D73205D166800552576 /* iloiloTests.swift */; };
		130B0D7C205D6EBF00552576 /* Array+SafePick.swift in Sources */ = {isa = PBXBuildFile; fileRef = 130B0D7B205D6EBF00552576 /* Array+SafePick.swift */; };
		130B0D7E205E410500552576 /* ArrayExtensionSpec.swift in Sources */ = {isa = PBXBuildFile; fileRef = 130B0D7D205E410500552576 /* ArrayExtensionSpec.swift */; };
		130B0D7F205E538300552576 /* Array+SafePick.swift in Sources */ = {isa = PBXBuildFile; fileRef = 130B0D7B205D6EBF00552576 /* Array+SafePick.swift */; };
		130B0D81205E6D5800552576 /* FormUISpec.swift in Sources */ = {isa = PBXBuildFile; fileRef = 130B0D80205E6D5800552576 /* FormUISpec.swift */; };
		29D0D1262775C7F775ED7727 /* EarlGrey.framework in EarlGrey Copy Files */ = {isa = PBXBuildFile; fileRef = 7E2E183270B5E0C2E458E7F1 /* EarlGrey.framework */; settings = {ATTRIBUTES = (CodeSignOnCopy, ); }; };
		52B600569F06D61A61DC165E /* Pods_iloilo.framework in Frameworks */ = {isa = PBXBuildFile; fileRef = 1096844A76004367D7450FA4 /* Pods_iloilo.framework */; };
		7E5492311F30E21CF12CAB86 /* EarlGrey.swift in Sources */ = {isa = PBXBuildFile; fileRef = 3B2BAD52B15847CEF6BA19B9 /* EarlGrey.swift */; };
		F1B54592224FAF1398625A51 /* Pods_iloilo_iloiloTests.framework in Frameworks */ = {isa = PBXBuildFile; fileRef = 0A3F93132C8387A35E175649 /* Pods_iloilo_iloiloTests.framework */; };
		F2D5DACADF8E783CA5BFA6D8 /* EarlGrey.framework in Frameworks */ = {isa = PBXBuildFile; fileRef = 7E2E183270B5E0C2E458E7F1 /* EarlGrey.framework */; };
/* End PBXBuildFile section */

/* Begin PBXContainerItemProxy section */
		130B0D76205D166800552576 /* PBXContainerItemProxy */ = {
			isa = PBXContainerItemProxy;
			containerPortal = 130B0D50205D072C00552576 /* Project object */;
			proxyType = 1;
			remoteGlobalIDString = 130B0D57205D072C00552576;
			remoteInfo = iloilo;
		};
/* End PBXContainerItemProxy section */

/* Begin PBXCopyFilesBuildPhase section */
		417F9F1964D09C15FFB67B5A /* EarlGrey Copy Files */ = {
			isa = PBXCopyFilesBuildPhase;
			buildActionMask = 2147483647;
			dstPath = "$(TEST_HOST)/../";
			dstSubfolderSpec = 0;
			files = (
				29D0D1262775C7F775ED7727 /* EarlGrey.framework in EarlGrey Copy Files */,
			);
			name = "EarlGrey Copy Files";
			runOnlyForDeploymentPostprocessing = 0;
		};
/* End PBXCopyFilesBuildPhase section */

/* Begin PBXFileReference section */
		0A3F93132C8387A35E175649 /* Pods_iloilo_iloiloTests.framework */ = {isa = PBXFileReference; explicitFileType = wrapper.framework; includeInIndex = 0; path = Pods_iloilo_iloiloTests.framework; sourceTree = BUILT_PRODUCTS_DIR; };
		1096844A76004367D7450FA4 /* Pods_iloilo.framework */ = {isa = PBXFileReference; explicitFileType = wrapper.framework; includeInIndex = 0; path = Pods_iloilo.framework; sourceTree = BUILT_PRODUCTS_DIR; };
		1304B00F2083266A0073BDC0 /* UIAccessibilityIdentification+AccessibilityId.swift */ = {isa = PBXFileReference; lastKnownFileType = sourcecode.swift; path = "UIAccessibilityIdentification+AccessibilityId.swift"; sourceTree = "<group>"; };
		130B0D58205D072C00552576 /* iloilo.app */ = {isa = PBXFileReference; explicitFileType = wrapper.application; includeInIndex = 0; path = iloilo.app; sourceTree = BUILT_PRODUCTS_DIR; };
		130B0D5B205D072C00552576 /* AppDelegate.swift */ = {isa = PBXFileReference; lastKnownFileType = sourcecode.swift; path = AppDelegate.swift; sourceTree = "<group>"; };
		130B0D5D205D072C00552576 /* ViewController.swift */ = {isa = PBXFileReference; lastKnownFileType = sourcecode.swift; path = ViewController.swift; sourceTree = "<group>"; };
		130B0D60205D072C00552576 /* Base */ = {isa = PBXFileReference; lastKnownFileType = file.storyboard; name = Base; path = Base.lproj/Main.storyboard; sourceTree = "<group>"; };
		130B0D62205D072C00552576 /* Assets.xcassets */ = {isa = PBXFileReference; lastKnownFileType = folder.assetcatalog; path = Assets.xcassets; sourceTree = "<group>"; };
		130B0D65205D072C00552576 /* Base */ = {isa = PBXFileReference; lastKnownFileType = file.storyboard; name = Base; path = Base.lproj/LaunchScreen.storyboard; sourceTree = "<group>"; };
		130B0D67205D072C00552576 /* Info.plist */ = {isa = PBXFileReference; lastKnownFileType = text.plist.xml; path = Info.plist; sourceTree = "<group>"; };
		130B0D71205D166800552576 /* iloiloTests.xctest */ = {isa = PBXFileReference; explicitFileType = wrapper.cfbundle; includeInIndex = 0; path = iloiloTests.xctest; sourceTree = BUILT_PRODUCTS_DIR; };
		130B0D73205D166800552576 /* iloiloTests.swift */ = {isa = PBXFileReference; lastKnownFileType = sourcecode.swift; path = iloiloTests.swift; sourceTree = "<group>"; };
		130B0D75205D166800552576 /* Info.plist */ = {isa = PBXFileReference; lastKnownFileType = text.plist.xml; path = Info.plist; sourceTree = "<group>"; };
		130B0D7B205D6EBF00552576 /* Array+SafePick.swift */ = {isa = PBXFileReference; lastKnownFileType = sourcecode.swift; path = "Array+SafePick.swift"; sourceTree = "<group>"; };
		130B0D7D205E410500552576 /* ArrayExtensionSpec.swift */ = {isa = PBXFileReference; lastKnownFileType = sourcecode.swift; path = ArrayExtensionSpec.swift; sourceTree = "<group>"; };
		130B0D80205E6D5800552576 /* FormUISpec.swift */ = {isa = PBXFileReference; lastKnownFileType = sourcecode.swift; path = FormUISpec.swift; sourceTree = "<group>"; };
		291C3D862320E2C16B9DC8F6 /* Pods-iloilo.release.xcconfig */ = {isa = PBXFileReference; includeInIndex = 1; lastKnownFileType = text.xcconfig; name = "Pods-iloilo.release.xcconfig"; path = "Pods/Target Support Files/Pods-iloilo/Pods-iloilo.release.xcconfig"; sourceTree = "<group>"; };
		3B2BAD52B15847CEF6BA19B9 /* EarlGrey.swift */ = {isa = PBXFileReference; includeInIndex = 1; lastKnownFileType = sourcecode.swift; path = EarlGrey.swift; sourceTree = "<group>"; };
		7E2E183270B5E0C2E458E7F1 /* EarlGrey.framework */ = {isa = PBXFileReference; lastKnownFileType = wrapper.framework; name = EarlGrey.framework; path = Pods/EarlGrey/EarlGrey/EarlGrey.framework; sourceTree = SOURCE_ROOT; };
		AE7B71230DB449CD79DCE770 /* Pods-iloilo.debug.xcconfig */ = {isa = PBXFileReference; includeInIndex = 1; lastKnownFileType = text.xcconfig; name = "Pods-iloilo.debug.xcconfig"; path = "Pods/Target Support Files/Pods-iloilo/Pods-iloilo.debug.xcconfig"; sourceTree = "<group>"; };
		D5EAFCEF316857FB06481086 /* Pods-iloilo-iloiloTests.release.xcconfig */ = {isa = PBXFileReference; includeInIndex = 1; lastKnownFileType = text.xcconfig; name = "Pods-iloilo-iloiloTests.release.xcconfig"; path = "Pods/Target Support Files/Pods-iloilo-iloiloTests/Pods-iloilo-iloiloTests.release.xcconfig"; sourceTree = "<group>"; };
		E4CCEBE6145C0DF7D691B9F7 /* Pods-iloilo-iloiloTests.debug.xcconfig */ = {isa = PBXFileReference; includeInIndex = 1; lastKnownFileType = text.xcconfig; name = "Pods-iloilo-iloiloTests.debug.xcconfig"; path = "Pods/Target Support Files/Pods-iloilo-iloiloTests/Pods-iloilo-iloiloTests.debug.xcconfig"; sourceTree = "<group>"; };
/* End PBXFileReference section */

/* Begin PBXFrameworksBuildPhase section */
		130B0D55205D072C00552576 /* Frameworks */ = {
			isa = PBXFrameworksBuildPhase;
			buildActionMask = 2147483647;
			files = (
				52B600569F06D61A61DC165E /* Pods_iloilo.framework in Frameworks */,
			);
			runOnlyForDeploymentPostprocessing = 0;
		};
		130B0D6E205D166800552576 /* Frameworks */ = {
			isa = PBXFrameworksBuildPhase;
			buildActionMask = 2147483647;
			files = (
				F1B54592224FAF1398625A51 /* Pods_iloilo_iloiloTests.framework in Frameworks */,
				F2D5DACADF8E783CA5BFA6D8 /* EarlGrey.framework in Frameworks */,
			);
			runOnlyForDeploymentPostprocessing = 0;
		};
/* End PBXFrameworksBuildPhase section */

/* Begin PBXGroup section */
		1304B013208326A60073BDC0 /* Extension */ = {
			isa = PBXGroup;
			children = (
				1304B00F2083266A0073BDC0 /* UIAccessibilityIdentification+AccessibilityId.swift */,
			);
			path = Extension;
			sourceTree = "<group>";
		};
		130B0D4F205D072C00552576 = {
			isa = PBXGroup;
			children = (
				130B0D5A205D072C00552576 /* iloilo */,
				130B0D72205D166800552576 /* iloiloTests */,
				130B0D59205D072C00552576 /* Products */,
				2D9BA5ADFBBD6A2EFC5AE2DE /* Pods */,
				D4FEBB0452D5429355784C16 /* Frameworks */,
			);
			sourceTree = "<group>";
		};
		130B0D59205D072C00552576 /* Products */ = {
			isa = PBXGroup;
			children = (
				130B0D58205D072C00552576 /* iloilo.app */,
				130B0D71205D166800552576 /* iloiloTests.xctest */,
			);
			name = Products;
			sourceTree = "<group>";
		};
		130B0D5A205D072C00552576 /* iloilo */ = {
			isa = PBXGroup;
			children = (
				130B0D5B205D072C00552576 /* AppDelegate.swift */,
				130B0D5D205D072C00552576 /* ViewController.swift */,
				130B0D7B205D6EBF00552576 /* Array+SafePick.swift */,
				1304B013208326A60073BDC0 /* Extension */,
				130B0D5F205D072C00552576 /* Main.storyboard */,
				130B0D62205D072C00552576 /* Assets.xcassets */,
				130B0D64205D072C00552576 /* LaunchScreen.storyboard */,
				130B0D67205D072C00552576 /* Info.plist */,
			);
			path = iloilo;
			sourceTree = "<group>";
		};
		130B0D72205D166800552576 /* iloiloTests */ = {
			isa = PBXGroup;
			children = (
				130B0D73205D166800552576 /* iloiloTests.swift */,
				130B0D7D205E410500552576 /* ArrayExtensionSpec.swift */,
				130B0D80205E6D5800552576 /* FormUISpec.swift */,
				130B0D75205D166800552576 /* Info.plist */,
				3B2BAD52B15847CEF6BA19B9 /* EarlGrey.swift */,
			);
			path = iloiloTests;
			sourceTree = "<group>";
		};
		2D9BA5ADFBBD6A2EFC5AE2DE /* Pods */ = {
			isa = PBXGroup;
			children = (
				AE7B71230DB449CD79DCE770 /* Pods-iloilo.debug.xcconfig */,
				291C3D862320E2C16B9DC8F6 /* Pods-iloilo.release.xcconfig */,
				E4CCEBE6145C0DF7D691B9F7 /* Pods-iloilo-iloiloTests.debug.xcconfig */,
				D5EAFCEF316857FB06481086 /* Pods-iloilo-iloiloTests.release.xcconfig */,
			);
			name = Pods;
			sourceTree = "<group>";
		};
		D4FEBB0452D5429355784C16 /* Frameworks */ = {
			isa = PBXGroup;
			children = (
				1096844A76004367D7450FA4 /* Pods_iloilo.framework */,
				0A3F93132C8387A35E175649 /* Pods_iloilo_iloiloTests.framework */,
				7E2E183270B5E0C2E458E7F1 /* EarlGrey.framework */,
			);
			name = Frameworks;
			sourceTree = "<group>";
		};
/* End PBXGroup section */

/* Begin PBXNativeTarget section */
		130B0D57205D072C00552576 /* iloilo */ = {
			isa = PBXNativeTarget;
			buildConfigurationList = 130B0D6A205D072C00552576 /* Build configuration list for PBXNativeTarget "iloilo" */;
			buildPhases = (
				A9BCFB632DEF99EA4A1E724B /* [CP] Check Pods Manifest.lock */,
				130B0D54205D072C00552576 /* Sources */,
				130B0D55205D072C00552576 /* Frameworks */,
				130B0D56205D072C00552576 /* Resources */,
				651149928C36EEF943D890C5 /* [CP] Embed Pods Frameworks */,
				C76F51BBB019F3AE09A86008 /* [CP] Copy Pods Resources */,
			);
			buildRules = (
			);
			dependencies = (
			);
			name = iloilo;
			productName = iloilo;
			productReference = 130B0D58205D072C00552576 /* iloilo.app */;
			productType = "com.apple.product-type.application";
		};
		130B0D70205D166800552576 /* iloiloTests */ = {
			isa = PBXNativeTarget;
			buildConfigurationList = 130B0D7A205D166800552576 /* Build configuration list for PBXNativeTarget "iloiloTests" */;
			buildPhases = (
				C4B99ACF44A19A941F478B6C /* [CP] Check Pods Manifest.lock */,
				130B0D6D205D166800552576 /* Sources */,
				130B0D6E205D166800552576 /* Frameworks */,
				130B0D6F205D166800552576 /* Resources */,
				E00A24761C4819D16796B835 /* [CP] Embed Pods Frameworks */,
				987DC40D87015A0D6413C810 /* [CP] Copy Pods Resources */,
				417F9F1964D09C15FFB67B5A /* EarlGrey Copy Files */,
			);
			buildRules = (
			);
			dependencies = (
				130B0D77205D166800552576 /* PBXTargetDependency */,
			);
			name = iloiloTests;
			productName = iloiloTests;
			productReference = 130B0D71205D166800552576 /* iloiloTests.xctest */;
			productType = "com.apple.product-type.bundle.unit-test";
		};
/* End PBXNativeTarget section */

/* Begin PBXProject section */
		130B0D50205D072C00552576 /* Project object */ = {
			isa = PBXProject;
			attributes = {
				LastSwiftUpdateCheck = 0920;
				LastUpgradeCheck = 0920;
				ORGANIZATIONNAME = "tom-18-358";
				TargetAttributes = {
					130B0D57205D072C00552576 = {
						CreatedOnToolsVersion = 9.2;
						ProvisioningStyle = Automatic;
					};
					130B0D70205D166800552576 = {
						CreatedOnToolsVersion = 9.2;
						ProvisioningStyle = Automatic;
						TestTargetID = 130B0D57205D072C00552576;
					};
				};
			};
			buildConfigurationList = 130B0D53205D072C00552576 /* Build configuration list for PBXProject "iloilo" */;
			compatibilityVersion = "Xcode 8.0";
			developmentRegion = en;
			hasScannedForEncodings = 0;
			knownRegions = (
				en,
				Base,
			);
			mainGroup = 130B0D4F205D072C00552576;
			productRefGroup = 130B0D59205D072C00552576 /* Products */;
			projectDirPath = "";
			projectRoot = "";
			targets = (
				130B0D57205D072C00552576 /* iloilo */,
				130B0D70205D166800552576 /* iloiloTests */,
			);
		};
/* End PBXProject section */

/* Begin PBXResourcesBuildPhase section */
		130B0D56205D072C00552576 /* Resources */ = {
			isa = PBXResourcesBuildPhase;
			buildActionMask = 2147483647;
			files = (
				130B0D66205D072C00552576 /* LaunchScreen.storyboard in Resources */,
				130B0D63205D072C00552576 /* Assets.xcassets in Resources */,
				130B0D61205D072C00552576 /* Main.storyboard in Resources */,
			);
			runOnlyForDeploymentPostprocessing = 0;
		};
		130B0D6F205D166800552576 /* Resources */ = {
			isa = PBXResourcesBuildPhase;
			buildActionMask = 2147483647;
			files = (
			);
			runOnlyForDeploymentPostprocessing = 0;
		};
/* End PBXResourcesBuildPhase section */

/* Begin PBXShellScriptBuildPhase section */
		651149928C36EEF943D890C5 /* [CP] Embed Pods Frameworks */ = {
			isa = PBXShellScriptBuildPhase;
			buildActionMask = 2147483647;
			files = (
			);
			inputPaths = (
			);
			name = "[CP] Embed Pods Frameworks";
			outputPaths = (
			);
			runOnlyForDeploymentPostprocessing = 0;
			shellPath = /bin/sh;
			shellScript = "\"${SRCROOT}/Pods/Target Support Files/Pods-iloilo/Pods-iloilo-frameworks.sh\"\n";
			showEnvVarsInLog = 0;
		};
		987DC40D87015A0D6413C810 /* [CP] Copy Pods Resources */ = {
			isa = PBXShellScriptBuildPhase;
			buildActionMask = 2147483647;
			files = (
			);
			inputPaths = (
			);
			name = "[CP] Copy Pods Resources";
			outputPaths = (
			);
			runOnlyForDeploymentPostprocessing = 0;
			shellPath = /bin/sh;
			shellScript = "\"${SRCROOT}/Pods/Target Support Files/Pods-iloilo-iloiloTests/Pods-iloilo-iloiloTests-resources.sh\"\n";
			showEnvVarsInLog = 0;
		};
		A9BCFB632DEF99EA4A1E724B /* [CP] Check Pods Manifest.lock */ = {
			isa = PBXShellScriptBuildPhase;
			buildActionMask = 2147483647;
			files = (
			);
			inputPaths = (
				"${PODS_PODFILE_DIR_PATH}/Podfile.lock",
				"${PODS_ROOT}/Manifest.lock",
			);
			name = "[CP] Check Pods Manifest.lock";
			outputPaths = (
				"$(DERIVED_FILE_DIR)/Pods-iloilo-checkManifestLockResult.txt",
			);
			runOnlyForDeploymentPostprocessing = 0;
			shellPath = /bin/sh;
			shellScript = "diff \"${PODS_PODFILE_DIR_PATH}/Podfile.lock\" \"${PODS_ROOT}/Manifest.lock\" > /dev/null\nif [ $? != 0 ] ; then\n    # print error to STDERR\n    echo \"error: The sandbox is not in sync with the Podfile.lock. Run 'pod install' or update your CocoaPods installation.\" >&2\n    exit 1\nfi\n# This output is used by Xcode 'outputs' to avoid re-running this script phase.\necho \"SUCCESS\" > \"${SCRIPT_OUTPUT_FILE_0}\"\n";
			showEnvVarsInLog = 0;
		};
		C4B99ACF44A19A941F478B6C /* [CP] Check Pods Manifest.lock */ = {
			isa = PBXShellScriptBuildPhase;
			buildActionMask = 2147483647;
			files = (
			);
			inputPaths = (
				"${PODS_PODFILE_DIR_PATH}/Podfile.lock",
				"${PODS_ROOT}/Manifest.lock",
			);
			name = "[CP] Check Pods Manifest.lock";
			outputPaths = (
				"$(DERIVED_FILE_DIR)/Pods-iloilo-iloiloTests-checkManifestLockResult.txt",
			);
			runOnlyForDeploymentPostprocessing = 0;
			shellPath = /bin/sh;
			shellScript = "diff \"${PODS_PODFILE_DIR_PATH}/Podfile.lock\" \"${PODS_ROOT}/Manifest.lock\" > /dev/null\nif [ $? != 0 ] ; then\n    # print error to STDERR\n    echo \"error: The sandbox is not in sync with the Podfile.lock. Run 'pod install' or update your CocoaPods installation.\" >&2\n    exit 1\nfi\n# This output is used by Xcode 'outputs' to avoid re-running this script phase.\necho \"SUCCESS\" > \"${SCRIPT_OUTPUT_FILE_0}\"\n";
			showEnvVarsInLog = 0;
		};
		C76F51BBB019F3AE09A86008 /* [CP] Copy Pods Resources */ = {
			isa = PBXShellScriptBuildPhase;
			buildActionMask = 2147483647;
			files = (
			);
			inputPaths = (
			);
			name = "[CP] Copy Pods Resources";
			outputPaths = (
			);
			runOnlyForDeploymentPostprocessing = 0;
			shellPath = /bin/sh;
			shellScript = "\"${SRCROOT}/Pods/Target Support Files/Pods-iloilo/Pods-iloilo-resources.sh\"\n";
			showEnvVarsInLog = 0;
		};
		E00A24761C4819D16796B835 /* [CP] Embed Pods Frameworks */ = {
			isa = PBXShellScriptBuildPhase;
			buildActionMask = 2147483647;
			files = (
			);
			inputPaths = (
				"${SRCROOT}/Pods/Target Support Files/Pods-iloilo-iloiloTests/Pods-iloilo-iloiloTests-frameworks.sh",
				"${PODS_ROOT}/EarlGrey/EarlGrey/EarlGrey.framework",
				"${BUILT_PRODUCTS_DIR}/Quick/Quick.framework",
			);
			name = "[CP] Embed Pods Frameworks";
			outputPaths = (
				"${TARGET_BUILD_DIR}/${FRAMEWORKS_FOLDER_PATH}/EarlGrey.framework",
				"${TARGET_BUILD_DIR}/${FRAMEWORKS_FOLDER_PATH}/Quick.framework",
			);
			runOnlyForDeploymentPostprocessing = 0;
			shellPath = /bin/sh;
			shellScript = "\"${SRCROOT}/Pods/Target Support Files/Pods-iloilo-iloiloTests/Pods-iloilo-iloiloTests-frameworks.sh\"\n";
			showEnvVarsInLog = 0;
		};
/* End PBXShellScriptBuildPhase section */

/* Begin PBXSourcesBuildPhase section */
		130B0D54205D072C00552576 /* Sources */ = {
			isa = PBXSourcesBuildPhase;
			buildActionMask = 2147483647;
			files = (
				1304B0102083266A0073BDC0 /* UIAccessibilityIdentification+AccessibilityId.swift in Sources */,
				130B0D5E205D072C00552576 /* ViewController.swift in Sources */,
				130B0D7C205D6EBF00552576 /* Array+SafePick.swift in Sources */,
				130B0D5C205D072C00552576 /* AppDelegate.swift in Sources */,
			);
			runOnlyForDeploymentPostprocessing = 0;
		};
		130B0D6D205D166800552576 /* Sources */ = {
			isa = PBXSourcesBuildPhase;
			buildActionMask = 2147483647;
			files = (
				130B0D81205E6D5800552576 /* FormUISpec.swift in Sources */,
				130B0D7E205E410500552576 /* ArrayExtensionSpec.swift in Sources */,
				1304B014208327620073BDC0 /* UIAccessibilityIdentification+AccessibilityId.swift in Sources */,
				130B0D7F205E538300552576 /* Array+SafePick.swift in Sources */,
				130B0D74205D166800552576 /* iloiloTests.swift in Sources */,
				7E5492311F30E21CF12CAB86 /* EarlGrey.swift in Sources */,
			);
			runOnlyForDeploymentPostprocessing = 0;
		};
/* End PBXSourcesBuildPhase section */

/* Begin PBXTargetDependency section */
		130B0D77205D166800552576 /* PBXTargetDependency */ = {
			isa = PBXTargetDependency;
			target = 130B0D57205D072C00552576 /* iloilo */;
			targetProxy = 130B0D76205D166800552576 /* PBXContainerItemProxy */;
		};
/* End PBXTargetDependency section */

/* Begin PBXVariantGroup section */
		130B0D5F205D072C00552576 /* Main.storyboard */ = {
			isa = PBXVariantGroup;
			children = (
				130B0D60205D072C00552576 /* Base */,
			);
			name = Main.storyboard;
			sourceTree = "<group>";
		};
		130B0D64205D072C00552576 /* LaunchScreen.storyboard */ = {
			isa = PBXVariantGroup;
			children = (
				130B0D65205D072C00552576 /* Base */,
			);
			name = LaunchScreen.storyboard;
			sourceTree = "<group>";
		};
/* End PBXVariantGroup section */

/* Begin XCBuildConfiguration section */
		130B0D68205D072C00552576 /* Debug */ = {
			isa = XCBuildConfiguration;
			buildSettings = {
				ALWAYS_SEARCH_USER_PATHS = NO;
				CLANG_ANALYZER_NONNULL = YES;
				CLANG_ANALYZER_NUMBER_OBJECT_CONVERSION = YES_AGGRESSIVE;
				CLANG_CXX_LANGUAGE_STANDARD = "gnu++14";
				CLANG_CXX_LIBRARY = "libc++";
				CLANG_ENABLE_MODULES = YES;
				CLANG_ENABLE_OBJC_ARC = YES;
				CLANG_WARN_BLOCK_CAPTURE_AUTORELEASING = YES;
				CLANG_WARN_BOOL_CONVERSION = YES;
				CLANG_WARN_COMMA = YES;
				CLANG_WARN_CONSTANT_CONVERSION = YES;
				CLANG_WARN_DIRECT_OBJC_ISA_USAGE = YES_ERROR;
				CLANG_WARN_DOCUMENTATION_COMMENTS = YES;
				CLANG_WARN_EMPTY_BODY = YES;
				CLANG_WARN_ENUM_CONVERSION = YES;
				CLANG_WARN_INFINITE_RECURSION = YES;
				CLANG_WARN_INT_CONVERSION = YES;
				CLANG_WARN_NON_LITERAL_NULL_CONVERSION = YES;
				CLANG_WARN_OBJC_LITERAL_CONVERSION = YES;
				CLANG_WARN_OBJC_ROOT_CLASS = YES_ERROR;
				CLANG_WARN_RANGE_LOOP_ANALYSIS = YES;
				CLANG_WARN_STRICT_PROTOTYPES = YES;
				CLANG_WARN_SUSPICIOUS_MOVE = YES;
				CLANG_WARN_UNGUARDED_AVAILABILITY = YES_AGGRESSIVE;
				CLANG_WARN_UNREACHABLE_CODE = YES;
				CLANG_WARN__DUPLICATE_METHOD_MATCH = YES;
				CODE_SIGN_IDENTITY = "iPhone Developer";
				COPY_PHASE_STRIP = NO;
				DEBUG_INFORMATION_FORMAT = dwarf;
				ENABLE_STRICT_OBJC_MSGSEND = YES;
				ENABLE_TESTABILITY = YES;
				GCC_C_LANGUAGE_STANDARD = gnu11;
				GCC_DYNAMIC_NO_PIC = NO;
				GCC_NO_COMMON_BLOCKS = YES;
				GCC_OPTIMIZATION_LEVEL = 0;
				GCC_PREPROCESSOR_DEFINITIONS = (
					"DEBUG=1",
					"$(inherited)",
				);
				GCC_WARN_64_TO_32_BIT_CONVERSION = YES;
				GCC_WARN_ABOUT_RETURN_TYPE = YES_ERROR;
				GCC_WARN_UNDECLARED_SELECTOR = YES;
				GCC_WARN_UNINITIALIZED_AUTOS = YES_AGGRESSIVE;
				GCC_WARN_UNUSED_FUNCTION = YES;
				GCC_WARN_UNUSED_VARIABLE = YES;
				IPHONEOS_DEPLOYMENT_TARGET = 11.2;
				MTL_ENABLE_DEBUG_INFO = YES;
				ONLY_ACTIVE_ARCH = YES;
				SDKROOT = iphoneos;
				SWIFT_ACTIVE_COMPILATION_CONDITIONS = DEBUG;
				SWIFT_OPTIMIZATION_LEVEL = "-Onone";
			};
			name = Debug;
		};
		130B0D69205D072C00552576 /* Release */ = {
			isa = XCBuildConfiguration;
			buildSettings = {
				ALWAYS_SEARCH_USER_PATHS = NO;
				CLANG_ANALYZER_NONNULL = YES;
				CLANG_ANALYZER_NUMBER_OBJECT_CONVERSION = YES_AGGRESSIVE;
				CLANG_CXX_LANGUAGE_STANDARD = "gnu++14";
				CLANG_CXX_LIBRARY = "libc++";
				CLANG_ENABLE_MODULES = YES;
				CLANG_ENABLE_OBJC_ARC = YES;
				CLANG_WARN_BLOCK_CAPTURE_AUTORELEASING = YES;
				CLANG_WARN_BOOL_CONVERSION = YES;
				CLANG_WARN_COMMA = YES;
				CLANG_WARN_CONSTANT_CONVERSION = YES;
				CLANG_WARN_DIRECT_OBJC_ISA_USAGE = YES_ERROR;
				CLANG_WARN_DOCUMENTATION_COMMENTS = YES;
				CLANG_WARN_EMPTY_BODY = YES;
				CLANG_WARN_ENUM_CONVERSION = YES;
				CLANG_WARN_INFINITE_RECURSION = YES;
				CLANG_WARN_INT_CONVERSION = YES;
				CLANG_WARN_NON_LITERAL_NULL_CONVERSION = YES;
				CLANG_WARN_OBJC_LITERAL_CONVERSION = YES;
				CLANG_WARN_OBJC_ROOT_CLASS = YES_ERROR;
				CLANG_WARN_RANGE_LOOP_ANALYSIS = YES;
				CLANG_WARN_STRICT_PROTOTYPES = YES;
				CLANG_WARN_SUSPICIOUS_MOVE = YES;
				CLANG_WARN_UNGUARDED_AVAILABILITY = YES_AGGRESSIVE;
				CLANG_WARN_UNREACHABLE_CODE = YES;
				CLANG_WARN__DUPLICATE_METHOD_MATCH = YES;
				CODE_SIGN_IDENTITY = "iPhone Developer";
				COPY_PHASE_STRIP = NO;
				DEBUG_INFORMATION_FORMAT = "dwarf-with-dsym";
				ENABLE_NS_ASSERTIONS = NO;
				ENABLE_STRICT_OBJC_MSGSEND = YES;
				GCC_C_LANGUAGE_STANDARD = gnu11;
				GCC_NO_COMMON_BLOCKS = YES;
				GCC_WARN_64_TO_32_BIT_CONVERSION = YES;
				GCC_WARN_ABOUT_RETURN_TYPE = YES_ERROR;
				GCC_WARN_UNDECLARED_SELECTOR = YES;
				GCC_WARN_UNINITIALIZED_AUTOS = YES_AGGRESSIVE;
				GCC_WARN_UNUSED_FUNCTION = YES;
				GCC_WARN_UNUSED_VARIABLE = YES;
				IPHONEOS_DEPLOYMENT_TARGET = 11.2;
				MTL_ENABLE_DEBUG_INFO = NO;
				SDKROOT = iphoneos;
				SWIFT_OPTIMIZATION_LEVEL = "-Owholemodule";
				VALIDATE_PRODUCT = YES;
			};
			name = Release;
		};
		130B0D6B205D072C00552576 /* Debug */ = {
			isa = XCBuildConfiguration;
			baseConfigurationReference = AE7B71230DB449CD79DCE770 /* Pods-iloilo.debug.xcconfig */;
			buildSettings = {
				ASSETCATALOG_COMPILER_APPICON_NAME = AppIcon;
				CODE_SIGN_STYLE = Automatic;
				DEVELOPMENT_TEAM = "";
				INFOPLIST_FILE = iloilo/Info.plist;
				LD_RUNPATH_SEARCH_PATHS = "$(inherited) @executable_path/Frameworks";
				PRODUCT_BUNDLE_IDENTIFIER = "com.tom-18-358.iloilo";
				PRODUCT_NAME = "$(TARGET_NAME)";
				SWIFT_VERSION = 4.0;
				TARGETED_DEVICE_FAMILY = "1,2";
			};
			name = Debug;
		};
		130B0D6C205D072C00552576 /* Release */ = {
			isa = XCBuildConfiguration;
			baseConfigurationReference = 291C3D862320E2C16B9DC8F6 /* Pods-iloilo.release.xcconfig */;
			buildSettings = {
				ASSETCATALOG_COMPILER_APPICON_NAME = AppIcon;
				CODE_SIGN_STYLE = Automatic;
				DEVELOPMENT_TEAM = "";
				INFOPLIST_FILE = iloilo/Info.plist;
				LD_RUNPATH_SEARCH_PATHS = "$(inherited) @executable_path/Frameworks";
				PRODUCT_BUNDLE_IDENTIFIER = "com.tom-18-358.iloilo";
				PRODUCT_NAME = "$(TARGET_NAME)";
				SWIFT_VERSION = 4.0;
				TARGETED_DEVICE_FAMILY = "1,2";
			};
			name = Release;
		};
		130B0D78205D166800552576 /* Debug */ = {
			isa = XCBuildConfiguration;
			baseConfigurationReference = E4CCEBE6145C0DF7D691B9F7 /* Pods-iloilo-iloiloTests.debug.xcconfig */;
			buildSettings = {
				BUNDLE_LOADER = "$(TEST_HOST)";
				CODE_SIGN_STYLE = Automatic;
				INFOPLIST_FILE = iloiloTests/Info.plist;
				LD_RUNPATH_SEARCH_PATHS = "$(inherited) @executable_path/Frameworks @loader_path/Frameworks";
				PRODUCT_BUNDLE_IDENTIFIER = "com.tom-18-358.iloiloTests";
				PRODUCT_NAME = "$(TARGET_NAME)";
				SWIFT_VERSION = 4.0;
				TARGETED_DEVICE_FAMILY = "1,2";
				TEST_HOST = "$(BUILT_PRODUCTS_DIR)/iloilo.app/iloilo";
			};
			name = Debug;
		};
		130B0D79205D166800552576 /* Release */ = {
			isa = XCBuildConfiguration;
			baseConfigurationReference = D5EAFCEF316857FB06481086 /* Pods-iloilo-iloiloTests.release.xcconfig */;
			buildSettings = {
				BUNDLE_LOADER = "$(TEST_HOST)";
				CODE_SIGN_STYLE = Automatic;
				INFOPLIST_FILE = iloiloTests/Info.plist;
				LD_RUNPATH_SEARCH_PATHS = "$(inherited) @executable_path/Frameworks @loader_path/Frameworks";
				PRODUCT_BUNDLE_IDENTIFIER = "com.tom-18-358.iloiloTests";
				PRODUCT_NAME = "$(TARGET_NAME)";
				SWIFT_VERSION = 4.0;
				TARGETED_DEVICE_FAMILY = "1,2";
				TEST_HOST = "$(BUILT_PRODUCTS_DIR)/iloilo.app/iloilo";
			};
			name = Release;
		};
/* End XCBuildConfiguration section */

/* Begin XCConfigurationList section */
		130B0D53205D072C00552576 /* Build configuration list for PBXProject "iloilo" */ = {
			isa = XCConfigurationList;
			buildConfigurations = (
				130B0D68205D072C00552576 /* Debug */,
				130B0D69205D072C00552576 /* Release */,
			);
			defaultConfigurationIsVisible = 0;
			defaultConfigurationName = Release;
		};
		130B0D6A205D072C00552576 /* Build configuration list for PBXNativeTarget "iloilo" */ = {
			isa = XCConfigurationList;
			buildConfigurations = (
				130B0D6B205D072C00552576 /* Debug */,
				130B0D6C205D072C00552576 /* Release */,
			);
			defaultConfigurationIsVisible = 0;
			defaultConfigurationName = Release;
		};
		130B0D7A205D166800552576 /* Build configuration list for PBXNativeTarget "iloiloTests" */ = {
			isa = XCConfigurationList;
			buildConfigurations = (
				130B0D78205D166800552576 /* Debug */,
				130B0D79205D166800552576 /* Release */,
			);
			defaultConfigurationIsVisible = 0;
			defaultConfigurationName = Release;
		};
/* End XCConfigurationList section */
	};
	rootObject = 130B0D50205D072C00552576 /* Project object */;
}
